// !$*UTF8*$!
{
	archiveVersion = 1;
	classes = {
	};
	objectVersion = 50;
	objects = {

/* Begin PBXBuildFile section */
		4BB2B54722FBF8B900AB5BBC /* AppDelegate.swift in Sources */ = {isa = PBXBuildFile; fileRef = 4BB2B54622FBF8B900AB5BBC /* AppDelegate.swift */; };
		4BB2B54922FBF8B900AB5BBC /* ViewController.swift in Sources */ = {isa = PBXBuildFile; fileRef = 4BB2B54822FBF8B900AB5BBC /* ViewController.swift */; };
		4BB2B54C22FBF8B900AB5BBC /* Main.storyboard in Resources */ = {isa = PBXBuildFile; fileRef = 4BB2B54A22FBF8B900AB5BBC /* Main.storyboard */; };
		4BB2B54E22FBF8BC00AB5BBC /* Assets.xcassets in Resources */ = {isa = PBXBuildFile; fileRef = 4BB2B54D22FBF8BC00AB5BBC /* Assets.xcassets */; };
		4BB2B55122FBF8BC00AB5BBC /* LaunchScreen.storyboard in Resources */ = {isa = PBXBuildFile; fileRef = 4BB2B54F22FBF8BC00AB5BBC /* LaunchScreen.storyboard */; };
/* End PBXBuildFile section */

/* Begin PBXFileReference section */
		4BB2B54322FBF8B900AB5BBC /* ReaderQR.app */ = {isa = PBXFileReference; explicitFileType = wrapper.application; includeInIndex = 0; path = ReaderQR.app; sourceTree = BUILT_PRODUCTS_DIR; };
		4BB2B54622FBF8B900AB5BBC /* AppDelegate.swift */ = {isa = PBXFileReference; lastKnownFileType = sourcecode.swift; path = AppDelegate.swift; sourceTree = "<group>"; };
		4BB2B54822FBF8B900AB5BBC /* ViewController.swift */ = {isa = PBXFileReference; lastKnownFileType = sourcecode.swift; path = ViewController.swift; sourceTree = "<group>"; };
		4BB2B54B22FBF8B900AB5BBC /* Base */ = {isa = PBXFileReference; lastKnownFileType = file.storyboard; name = Base; path = Base.lproj/Main.storyboard; sourceTree = "<group>"; };
		4BB2B54D22FBF8BC00AB5BBC /* Assets.xcassets */ = {isa = PBXFileReference; lastKnownFileType = folder.assetcatalog; path = Assets.xcassets; sourceTree = "<group>"; };
		4BB2B55022FBF8BC00AB5BBC /* Base */ = {isa = PBXFileReference; lastKnownFileType = file.storyboard; name = Base; path = Base.lproj/LaunchScreen.storyboard; sourceTree = "<group>"; };
		4BB2B55222FBF8BC00AB5BBC /* Info.plist */ = {isa = PBXFileReference; lastKnownFileType = text.plist.xml; path = Info.plist; sourceTree = "<group>"; };
/* End PBXFileReference section */

/* Begin PBXFrameworksBuildPhase section */
		4BB2B54022FBF8B900AB5BBC /* Frameworks */ = {
			isa = PBXFrameworksBuildPhase;
			buildActionMask = 2147483647;
			files = (
			);
			runOnlyForDeploymentPostprocessing = 0;
		};
/* End PBXFrameworksBuildPhase section */

/* Begin PBXGroup section */
		4BB2B53A22FBF8B900AB5BBC = {
			isa = PBXGroup;
			children = (
				4BB2B54522FBF8B900AB5BBC /* ReaderQR */,
				4BB2B54422FBF8B900AB5BBC /* Products */,
			);
			sourceTree = "<group>";
		};
		4BB2B54422FBF8B900AB5BBC /* Products */ = {
			isa = PBXGroup;
			children = (
				4BB2B54322FBF8B900AB5BBC /* ReaderQR.app */,
			);
			name = Products;
			sourceTree = "<group>";
		};
		4BB2B54522FBF8B900AB5BBC /* ReaderQR */ = {
			isa = PBXGroup;
			children = (
				4BB2B54622FBF8B900AB5BBC /* AppDelegate.swift */,
				4BB2B54822FBF8B900AB5BBC /* ViewController.swift */,
				4BB2B54A22FBF8B900AB5BBC /* Main.storyboard */,
				4BB2B54D22FBF8BC00AB5BBC /* Assets.xcassets */,
				4BB2B54F22FBF8BC00AB5BBC /* LaunchScreen.storyboard */,
				4BB2B55222FBF8BC00AB5BBC /* Info.plist */,
			);
			path = ReaderQR;
			sourceTree = "<group>";
		};
/* End PBXGroup section */

/* Begin PBXNativeTarget section */
		4BB2B54222FBF8B900AB5BBC /* ReaderQR */ = {
			isa = PBXNativeTarget;
			buildConfigurationList = 4BB2B55522FBF8BC00AB5BBC /* Build configuration list for PBXNativeTarget "ReaderQR" */;
			buildPhases = (
				4BB2B53F22FBF8B900AB5BBC /* Sources */,
				4BB2B54022FBF8B900AB5BBC /* Frameworks */,
				4BB2B54122FBF8B900AB5BBC /* Resources */,
			);
			buildRules = (
			);
			dependencies = (
			);
			name = ReaderQR;
			productName = ReaderQR;
			productReference = 4BB2B54322FBF8B900AB5BBC /* ReaderQR.app */;
			productType = "com.apple.product-type.application";
		};
/* End PBXNativeTarget section */

/* Begin PBXProject section */
		4BB2B53B22FBF8B900AB5BBC /* Project object */ = {
			isa = PBXProject;
			attributes = {
				LastSwiftUpdateCheck = 1030;
				LastUpgradeCheck = 1030;
				ORGANIZATIONNAME = "Alex Kolinko";
				TargetAttributes = {
					4BB2B54222FBF8B900AB5BBC = {
						CreatedOnToolsVersion = 10.3;
					};
				};
			};
			buildConfigurationList = 4BB2B53E22FBF8B900AB5BBC /* Build configuration list for PBXProject "ReaderQR" */;
			compatibilityVersion = "Xcode 9.3";
			developmentRegion = en;
			hasScannedForEncodings = 0;
			knownRegions = (
				en,
				Base,
			);
			mainGroup = 4BB2B53A22FBF8B900AB5BBC;
			productRefGroup = 4BB2B54422FBF8B900AB5BBC /* Products */;
			projectDirPath = "";
			projectRoot = "";
			targets = (
				4BB2B54222FBF8B900AB5BBC /* ReaderQR */,
			);
		};
/* End PBXProject section */

/* Begin PBXResourcesBuildPhase section */
		4BB2B54122FBF8B900AB5BBC /* Resources */ = {
			isa = PBXResourcesBuildPhase;
			buildActionMask = 2147483647;
			files = (
				4BB2B55122FBF8BC00AB5BBC /* LaunchScreen.storyboard in Resources */,
				4BB2B54E22FBF8BC00AB5BBC /* Assets.xcassets in Resources */,
				4BB2B54C22FBF8B900AB5BBC /* Main.storyboard in Resources */,
			);
			runOnlyForDeploymentPostprocessing = 0;
		};
/* End PBXResourcesBuildPhase section */

/* Begin PBXSourcesBuildPhase section */
		4BB2B53F22FBF8B900AB5BBC /* Sources */ = {
			isa = PBXSourcesBuildPhase;
			buildActionMask = 2147483647;
			files = (
				4BB2B54922FBF8B900AB5BBC /* ViewController.swift in Sources */,
				4BB2B54722FBF8B900AB5BBC /* AppDelegate.swift in Sources */,
			);
			runOnlyForDeploymentPostprocessing = 0;
		};
/* End PBXSourcesBuildPhase section */

/* Begin PBXVariantGroup section */
		4BB2B54A22FBF8B900AB5BBC /* Main.storyboard */ = {
			isa = PBXVariantGroup;
			children = (
				4BB2B54B22FBF8B900AB5BBC /* Base */,
			);
			name = Main.storyboard;
			sourceTree = "<group>";
		};
		4BB2B54F22FBF8BC00AB5BBC /* LaunchScreen.storyboard */ = {
			isa = PBXVariantGroup;
			children = (
				4BB2B55022FBF8BC00AB5BBC /* Base */,
			);
			name = LaunchScreen.storyboard;
			sourceTree = "<group>";
		};
/* End PBXVariantGroup section */

/* Begin XCBuildConfiguration section */
		4BB2B55322FBF8BC00AB5BBC /* Debug */ = {
			isa = XCBuildConfiguration;
			buildSettings = {
				ALWAYS_SEARCH_USER_PATHS = NO;
				CLANG_ANALYZER_NONNULL = YES;
				CLANG_ANALYZER_NUMBER_OBJECT_CONVERSION = YES_AGGRESSIVE;
				CLANG_CXX_LANGUAGE_STANDARD = "gnu++14";
				CLANG_CXX_LIBRARY = "libc++";
				CLANG_ENABLE_MODULES = YES;
				CLANG_ENABLE_OBJC_ARC = YES;
				CLANG_ENABLE_OBJC_WEAK = YES;
				CLANG_WARN_BLOCK_CAPTURE_AUTORELEASING = YES;
				CLANG_WARN_BOOL_CONVERSION = YES;
				CLANG_WARN_COMMA = YES;
				CLANG_WARN_CONSTANT_CONVERSION = YES;
				CLANG_WARN_DEPRECATED_OBJC_IMPLEMENTATIONS = YES;
				CLANG_WARN_DIRECT_OBJC_ISA_USAGE = YES_ERROR;
				CLANG_WARN_DOCUMENTATION_COMMENTS = YES;
				CLANG_WARN_EMPTY_BODY = YES;
				CLANG_WARN_ENUM_CONVERSION = YES;
				CLANG_WARN_INFINITE_RECURSION = YES;
				CLANG_WARN_INT_CONVERSION = YES;
				CLANG_WARN_NON_LITERAL_NULL_CONVERSION = YES;
				CLANG_WARN_OBJC_IMPLICIT_RETAIN_SELF = YES;
				CLANG_WARN_OBJC_LITERAL_CONVERSION = YES;
				CLANG_WARN_OBJC_ROOT_CLASS = YES_ERROR;
				CLANG_WARN_RANGE_LOOP_ANALYSIS = YES;
				CLANG_WARN_STRICT_PROTOTYPES = YES;
				CLANG_WARN_SUSPICIOUS_MOVE = YES;
				CLANG_WARN_UNGUARDED_AVAILABILITY = YES_AGGRESSIVE;
				CLANG_WARN_UNREACHABLE_CODE = YES;
				CLANG_WARN__DUPLICATE_METHOD_MATCH = YES;
				CODE_SIGN_IDENTITY = "iPhone Developer";
				COPY_PHASE_STRIP = NO;
				DEBUG_INFORMATION_FORMAT = dwarf;
				ENABLE_STRICT_OBJC_MSGSEND = YES;
				ENABLE_TESTABILITY = YES;
				GCC_C_LANGUAGE_STANDARD = gnu11;
				GCC_DYNAMIC_NO_PIC = NO;
				GCC_NO_COMMON_BLOCKS = YES;
				GCC_OPTIMIZATION_LEVEL = 0;
				GCC_PREPROCESSOR_DEFINITIONS = (
					"DEBUG=1",
					"$(inherited)",
				);
				GCC_WARN_64_TO_32_BIT_CONVERSION = YES;
				GCC_WARN_ABOUT_RETURN_TYPE = YES_ERROR;
				GCC_WARN_UNDECLARED_SELECTOR = YES;
				GCC_WARN_UNINITIALIZED_AUTOS = YES_AGGRESSIVE;
				GCC_WARN_UNUSED_FUNCTION = YES;
				GCC_WARN_UNUSED_VARIABLE = YES;
				IPHONEOS_DEPLOYMENT_TARGET = 12.4;
				MTL_ENABLE_DEBUG_INFO = INCLUDE_SOURCE;
				MTL_FAST_MATH = YES;
				ONLY_ACTIVE_ARCH = YES;
				SDKROOT = iphoneos;
				SWIFT_ACTIVE_COMPILATION_CONDITIONS = DEBUG;
				SWIFT_OPTIMIZATION_LEVEL = "-Onone";
			};
			name = Debug;
		};
		4BB2B55422FBF8BC00AB5BBC /* Release */ = {
			isa = XCBuildConfiguration;
			buildSettings = {
				ALWAYS_SEARCH_USER_PATHS = NO;
				CLANG_ANALYZER_NONNULL = YES;
				CLANG_ANALYZER_NUMBER_OBJECT_CONVERSION = YES_AGGRESSIVE;
				CLANG_CXX_LANGUAGE_STANDARD = "gnu++14";
				CLANG_CXX_LIBRARY = "libc++";
				CLANG_ENABLE_MODULES = YES;
				CLANG_ENABLE_OBJC_ARC = YES;
				CLANG_ENABLE_OBJC_WEAK = YES;
				CLANG_WARN_BLOCK_CAPTURE_AUTORELEASING = YES;
				CLANG_WARN_BOOL_CONVERSION = YES;
				CLANG_WARN_COMMA = YES;
				CLANG_WARN_CONSTANT_CONVERSION = YES;
				CLANG_WARN_DEPRECATED_OBJC_IMPLEMENTATIONS = YES;
				CLANG_WARN_DIRECT_OBJC_ISA_USAGE = YES_ERROR;
				CLANG_WARN_DOCUMENTATION_COMMENTS = YES;
				CLANG_WARN_EMPTY_BODY = YES;
				CLANG_WARN_ENUM_CONVERSION = YES;
				CLANG_WARN_INFINITE_RECURSION = YES;
				CLANG_WARN_INT_CONVERSION = YES;
				CLANG_WARN_NON_LITERAL_NULL_CONVERSION = YES;
				CLANG_WARN_OBJC_IMPLICIT_RETAIN_SELF = YES;
				CLANG_WARN_OBJC_LITERAL_CONVERSION = YES;
				CLANG_WARN_OBJC_ROOT_CLASS = YES_ERROR;
				CLANG_WARN_RANGE_LOOP_ANALYSIS = YES;
				CLANG_WARN_STRICT_PROTOTYPES = YES;
				CLANG_WARN_SUSPICIOUS_MOVE = YES;
				CLANG_WARN_UNGUARDED_AVAILABILITY = YES_AGGRESSIVE;
				CLANG_WARN_UNREACHABLE_CODE = YES;
				CLANG_WARN__DUPLICATE_METHOD_MATCH = YES;
				CODE_SIGN_IDENTITY = "iPhone Developer";
				COPY_PHASE_STRIP = NO;
				DEBUG_INFORMATION_FORMAT = "dwarf-with-dsym";
				ENABLE_NS_ASSERTIONS = NO;
				ENABLE_STRICT_OBJC_MSGSEND = YES;
				GCC_C_LANGUAGE_STANDARD = gnu11;
				GCC_NO_COMMON_BLOCKS = YES;
				GCC_WARN_64_TO_32_BIT_CONVERSION = YES;
				GCC_WARN_ABOUT_RETURN_TYPE = YES_ERROR;
				GCC_WARN_UNDECLARED_SELECTOR = YES;
				GCC_WARN_UNINITIALIZED_AUTOS = YES_AGGRESSIVE;
				GCC_WARN_UNUSED_FUNCTION = YES;
				GCC_WARN_UNUSED_VARIABLE = YES;
				IPHONEOS_DEPLOYMENT_TARGET = 12.4;
				MTL_ENABLE_DEBUG_INFO = NO;
				MTL_FAST_MATH = YES;
				SDKROOT = iphoneos;
				SWIFT_COMPILATION_MODE = wholemodule;
				SWIFT_OPTIMIZATION_LEVEL = "-O";
				VALIDATE_PRODUCT = YES;
			};
			name = Release;
		};
		4BB2B55622FBF8BC00AB5BBC /* Debug */ = {
			isa = XCBuildConfiguration;
			buildSettings = {
				ASSETCATALOG_COMPILER_APPICON_NAME = AppIcon;
				CODE_SIGN_STYLE = Automatic;
				DEVELOPMENT_TEAM = 8X375UDGCY;
				INFOPLIST_FILE = ReaderQR/Info.plist;
				LD_RUNPATH_SEARCH_PATHS = (
					"$(inherited)",
					"@executable_path/Frameworks",
				);
				PRODUCT_BUNDLE_IDENTIFIER = com.alexkolinko.ReaderQR;
				PRODUCT_NAME = "$(TARGET_NAME)";
				SWIFT_VERSION = 5.0;
				TARGETED_DEVICE_FAMILY = "1,2";
			};
			name = Debug;
		};
		4BB2B55722FBF8BC00AB5BBC /* Release */ = {
			isa = XCBuildConfiguration;
			buildSettings = {
				ASSETCATALOG_COMPILER_APPICON_NAME = AppIcon;
				CODE_SIGN_STYLE = Automatic;
				DEVELOPMENT_TEAM = 8X375UDGCY;
				INFOPLIST_FILE = ReaderQR/Info.plist;
				LD_RUNPATH_SEARCH_PATHS = (
					"$(inherited)",
					"@executable_path/Frameworks",
				);
				PRODUCT_BUNDLE_IDENTIFIER = com.alexkolinko.ReaderQR;
				PRODUCT_NAME = "$(TARGET_NAME)";
				SWIFT_VERSION = 5.0;
				TARGETED_DEVICE_FAMILY = "1,2";
			};
			name = Release;
		};
/* End XCBuildConfiguration section */

/* Begin XCConfigurationList section */
		4BB2B53E22FBF8B900AB5BBC /* Build configuration list for PBXProject "ReaderQR" */ = {
			isa = XCConfigurationList;
			buildConfigurations = (
				4BB2B55322FBF8BC00AB5BBC /* Debug */,
				4BB2B55422FBF8BC00AB5BBC /* Release */,
			);
			defaultConfigurationIsVisible = 0;
			defaultConfigurationName = Release;
		};
		4BB2B55522FBF8BC00AB5BBC /* Build configuration list for PBXNativeTarget "ReaderQR" */ = {
			isa = XCConfigurationList;
			buildConfigurations = (
				4BB2B55622FBF8BC00AB5BBC /* Debug */,
				4BB2B55722FBF8BC00AB5BBC /* Release */,
			);
			defaultConfigurationIsVisible = 0;
			defaultConfigurationName = Release;
		};
/* End XCConfigurationList section */
	};
	rootObject = 4BB2B53B22FBF8B900AB5BBC /* Project object */;
}
